
Microsoft Visual Studio Solution File, Format Version 12.00
# Visual Studio Version 16
VisualStudioVersion = 16.0.29728.190
MinimumVisualStudioVersion = 10.0.40219.1
Project("{9A19103F-16F7-4668-BE54-9A1E7A4F7556}") = "mvc", "mvc\mvc.csproj", "{862A830D-B857-4782-B6E5-226084AA2C53}"
EndProject
Project("{2150E333-8FDC-42A3-9474-1A3956D46DE8}") = "Solution Items", "Solution Items", "{8D0C4E64-FDCF-487F-BEDA-13DBD7AD30EF}"
	ProjectSection(SolutionItems) = preProject
		NOTES.md = NOTES.md
		README.md = README.md
	EndProjectSection
EndProject
Global
	GlobalSection(SolutionConfigurationPlatforms) = preSolution
		Debug|Any CPU = Debug|Any CPU
		Release|Any CPU = Release|Any CPU
	EndGlobalSection
	GlobalSection(ProjectConfigurationPlatforms) = postSolution
		{862A830D-B857-4782-B6E5-226084AA2C53}.Debug|Any CPU.ActiveCfg = Debug|Any CPU
		{862A830D-B857-4782-B6E5-226084AA2C53}.Debug|Any CPU.Build.0 = Debug|Any CPU
		{862A830D-B857-4782-B6E5-226084AA2C53}.Release|Any CPU.ActiveCfg = Release|Any CPU
		{862A830D-B857-4782-B6E5-226084AA2C53}.Release|Any CPU.Build.0 = Release|Any CPU
	EndGlobalSection
	GlobalSection(SolutionProperties) = preSolution
		HideSolutionNode = FALSE
	EndGlobalSection
	GlobalSection(ExtensibilityGlobals) = postSolution
		SolutionGuid = {2065D0E7-9B29-4AC5-BD8C-E2E86B08DA27}
	EndGlobalSection
EndGlobal
